
Microsoft Visual Studio Solution File, Format Version 12.00
# Visual Studio Version 16
VisualStudioVersion = 16.0.29613.14
MinimumVisualStudioVersion = 10.0.40219.1
Project("{FAE04EC0-301F-11D3-BF4B-00C04F79EFBC}") = "DemoWebAppln", "DemoWebAppln\DemoWebAppln.csproj", "{953328BA-ECA5-443C-B7EF-912F3F519F40}"
EndProject
Global
	GlobalSection(SolutionConfigurationPlatforms) = preSolution
		Debug|Any CPU = Debug|Any CPU
		Release|Any CPU = Release|Any CPU
	EndGlobalSection
	GlobalSection(ProjectConfigurationPlatforms) = postSolution
		{953328BA-ECA5-443C-B7EF-912F3F519F40}.Debug|Any CPU.ActiveCfg = Debug|Any CPU
		{953328BA-ECA5-443C-B7EF-912F3F519F40}.Debug|Any CPU.Build.0 = Debug|Any CPU
		{953328BA-ECA5-443C-B7EF-912F3F519F40}.Release|Any CPU.ActiveCfg = Release|Any CPU
		{953328BA-ECA5-443C-B7EF-912F3F519F40}.Release|Any CPU.Build.0 = Release|Any CPU
	EndGlobalSection
	GlobalSection(SolutionProperties) = preSolution
		HideSolutionNode = FALSE
	EndGlobalSection
	GlobalSection(ExtensibilityGlobals) = postSolution
		SolutionGuid = {08C1F18E-6576-4BB4-8469-E5EF421AFA06}
	EndGlobalSection
EndGlobal
